{
    "_readme": [
        "This file locks the dependencies of your project to a known state",
        "Read more about it at https://getcomposer.org/doc/01-basic-usage.md#installing-dependencies",
        "This file is @generated automatically"
    ],
    "content-hash": "47399cfee1e4d584a701d86d716415a1",
    "packages": [],
    "packages-dev": [],
    "aliases": [],
    "minimum-stability": "stable",
    "stability-flags": [],
    "prefer-stable": false,
    "prefer-lowest": false,
    "platform": {
        "php": ">=7.3",
        "ext-spl": "*",
        "ext-pdo": "*",
        "ext-xml": "*",
        "ext-pcre": "*",
        "ext-json": "*",
        "ext-hash": "*",
        "ext-date": "*",
        "ext-session": "*",
        "ext-mbstring": "*",
        "ext-simplexml": "*"
    },
    "platform-dev": []
}
