{
    "_readme": [
        "This file locks the dependencies of your project to a known state",
        "Read more about it at https://getcomposer.org/doc/01-basic-usage.md#installing-dependencies",
        "This file is @generated automatically"
    ],
    "content-hash": "c02c4b5d1c4a2a95039d2c8f7e6730f4",
    "packages": [],
    "packages-dev": [],
    "aliases": [],
    "minimum-stability": "stable",
    "stability-flags": [],
    "prefer-stable": false,
    "prefer-lowest": false,
    "platform": {
        "php": ">=7.4",
        "ext-dom": "*",
        "ext-spl": "*",
        "ext-pdo": "*",
        "ext-xml": "*",
        "ext-pcre": "*",
        "ext-json": "*",
        "ext-hash": "*",
        "ext-date": "*",
        "ext-libxml": "*",
        "ext-session": "*",
        "ext-mbstring": "*",
        "ext-simplexml": "*"
    },
    "platform-dev": [],
    "plugin-api-version": "1.1.0"
}
